
Microsoft Visual Studio Solution File, Format Version 12.00
# Visual Studio Version 17
VisualStudioVersion = 17.0.31717.71
MinimumVisualStudioVersion = 10.0.40219.1
Project("{9A19103F-16F7-4668-BE54-9A1E7A4F7556}") = "frontend_Biblioteca", "frontend_Biblioteca.csproj", "{8B14C72B-C511-4A6E-9E6C-6B266AD4F378}"
EndProject
Global
	GlobalSection(SolutionConfigurationPlatforms) = preSolution
		Debug|Any CPU = Debug|Any CPU
		Release|Any CPU = Release|Any CPU
	EndGlobalSection
	GlobalSection(ProjectConfigurationPlatforms) = postSolution
		{8B14C72B-C511-4A6E-9E6C-6B266AD4F378}.Debug|Any CPU.ActiveCfg = Debug|Any CPU
		{8B14C72B-C511-4A6E-9E6C-6B266AD4F378}.Debug|Any CPU.Build.0 = Debug|Any CPU
		{8B14C72B-C511-4A6E-9E6C-6B266AD4F378}.Release|Any CPU.ActiveCfg = Release|Any CPU
		{8B14C72B-C511-4A6E-9E6C-6B266AD4F378}.Release|Any CPU.Build.0 = Release|Any CPU
	EndGlobalSection
	GlobalSection(SolutionProperties) = preSolution
		HideSolutionNode = FALSE
	EndGlobalSection
	GlobalSection(ExtensibilityGlobals) = postSolution
		SolutionGuid = {C0FB597B-CEC8-477B-AE5F-600BAD126CF2}
	EndGlobalSection
EndGlobal